<Solution>
  <Folder Name="/docs/">
    <File Path="../../../../GraduationProject/copes/App_Technical-Specs.md" />
    <File Path="../../../../GraduationProject/Database/ERD/ERD.pdf" />
  </Folder>
  <Folder Name="/src/">
    <Project Path="App.Api/App.Api.csproj" />
    <Project Path="App.Core/App.Core.csproj" />
    <Project Path="App.Infrastructure/App.Infrastructure.csproj" />
  </Folder>
  <Folder Name="/tests/">
    <Project Path="App.Api.Tests/App.Api.Tests.csproj" />
    <Project Path="App.Services.Tests/App.Services.Tests.csproj" Id="7060a722-e63e-4ec9-b835-0b6c7e33c3fd" />
  </Folder>
</Solution>
